{
  "object": {
    "pins": [
      {
        "package": "CollectionLoader",
        "repositoryURL": "https://github.com/happn-app/CollectionLoader.git",
        "state": {
          "branch": "dev.tests",
          "revision": "d8de8eac3d8311e7f6a57ca2e8e1aee4767fa9db",
          "version": null
        }
      },
      {
        "package": "KVObserver",
        "repositoryURL": "https://github.com/happn-app/KVObserver.git",
        "state": {
          "branch": null,
          "revision": "6b6252489a2b1cdb67857576962676b6cb6c679a",
          "version": "0.9.5"
        }
      }
    ]
  },
  "version": 1
}
